
Microsoft Visual Studio Solution File, Format Version 12.00
# Visual Studio Version 17
VisualStudioVersion = 17.1.32328.378
MinimumVisualStudioVersion = 10.0.40219.1
Project("{FAE04EC0-301F-11D3-BF4B-00C04F79EFBC}") = "MiniAdoVSEFBenchmark.Console", "MiniAdoVSEFBenchmark.Console\MiniAdoVSEFBenchmark.Console.csproj", "{0558FEED-1574-4B44-83FA-E6DC3D77F796}"
EndProject
Global
	GlobalSection(SolutionConfigurationPlatforms) = preSolution
		Debug|Any CPU = Debug|Any CPU
		Release|Any CPU = Release|Any CPU
	EndGlobalSection
	GlobalSection(ProjectConfigurationPlatforms) = postSolution
		{0558FEED-1574-4B44-83FA-E6DC3D77F796}.Debug|Any CPU.ActiveCfg = Debug|Any CPU
		{0558FEED-1574-4B44-83FA-E6DC3D77F796}.Debug|Any CPU.Build.0 = Debug|Any CPU
		{0558FEED-1574-4B44-83FA-E6DC3D77F796}.Release|Any CPU.ActiveCfg = Release|Any CPU
		{0558FEED-1574-4B44-83FA-E6DC3D77F796}.Release|Any CPU.Build.0 = Release|Any CPU
	EndGlobalSection
	GlobalSection(SolutionProperties) = preSolution
		HideSolutionNode = FALSE
	EndGlobalSection
	GlobalSection(ExtensibilityGlobals) = postSolution
		SolutionGuid = {2EB78B9A-5A44-4DE3-8844-99DCD9B031E6}
	EndGlobalSection
EndGlobal
